
Microsoft Visual Studio Solution File, Format Version 11.00
# Visual Studio 2010
Project("{FAE04EC0-301F-11D3-BF4B-00C04F79EFBC}") = "ARKit Test", "Assembly-CSharp.csproj", "{63D4D429-F61C-CCDD-6A98-3531CA34F1A3}"
EndProject
Project("{FAE04EC0-301F-11D3-BF4B-00C04F79EFBC}") = "ARKit Test", "Assembly-CSharp-Editor.csproj", "{76EF8835-9D44-0312-4236-2AA5FC3C2825}"
EndProject
Global
	GlobalSection(SolutionConfigurationPlatforms) = preSolution
		Debug|Any CPU = Debug|Any CPU
		Release|Any CPU = Release|Any CPU
	EndGlobalSection
	GlobalSection(ProjectConfigurationPlatforms) = postSolution
		{63D4D429-F61C-CCDD-6A98-3531CA34F1A3}.Debug|Any CPU.ActiveCfg = Debug|Any CPU
		{63D4D429-F61C-CCDD-6A98-3531CA34F1A3}.Debug|Any CPU.Build.0 = Debug|Any CPU
		{63D4D429-F61C-CCDD-6A98-3531CA34F1A3}.Release|Any CPU.ActiveCfg = Release|Any CPU
		{63D4D429-F61C-CCDD-6A98-3531CA34F1A3}.Release|Any CPU.Build.0 = Release|Any CPU
		{76EF8835-9D44-0312-4236-2AA5FC3C2825}.Debug|Any CPU.ActiveCfg = Debug|Any CPU
		{76EF8835-9D44-0312-4236-2AA5FC3C2825}.Debug|Any CPU.Build.0 = Debug|Any CPU
		{76EF8835-9D44-0312-4236-2AA5FC3C2825}.Release|Any CPU.ActiveCfg = Release|Any CPU
		{76EF8835-9D44-0312-4236-2AA5FC3C2825}.Release|Any CPU.Build.0 = Release|Any CPU
	EndGlobalSection
	GlobalSection(SolutionProperties) = preSolution
		HideSolutionNode = FALSE
	EndGlobalSection
	GlobalSection(MonoDevelopProperties) = preSolution
		StartupItem = Assembly-CSharp.csproj
	EndGlobalSection
EndGlobal
